// !$*UTF8*$!
{
	archiveVersion = 1;
	classes = {
	};
	objectVersion = 56;
	objects = {

/* Begin PBXBuildFile section */
		8E8F0C752AB09BEE006EBE1B /* ColorPickerView.swift in Sources */ = {isa = PBXBuildFile; fileRef = 8E8F0C742AB09BEE006EBE1B /* ColorPickerView.swift */; };
		8E8F0C782AB0A519006EBE1B /* AppDelegate.swift in Sources */ = {isa = PBXBuildFile; fileRef = 8E8F0C772AB0A519006EBE1B /* AppDelegate.swift */; };
		8E8F0C802AB0A7F6006EBE1B /* HotKey in Frameworks */ = {isa = PBXBuildFile; productRef = 8E8F0C7F2AB0A7F6006EBE1B /* HotKey */; };
		8E8FD1B52AAF69F0004E8EC7 /* TestView.swift in Sources */ = {isa = PBXBuildFile; fileRef = 8E8FD1B42AAF69F0004E8EC7 /* TestView.swift */; };
		8E931CEF2AAE1CAB008DE243 /* AutomationApp.swift in Sources */ = {isa = PBXBuildFile; fileRef = 8E931CEE2AAE1CAB008DE243 /* AutomationApp.swift */; };
		8E931CF32AAE1CAC008DE243 /* Assets.xcassets in Resources */ = {isa = PBXBuildFile; fileRef = 8E931CF22AAE1CAC008DE243 /* Assets.xcassets */; };
		8E931CF62AAE1CAC008DE243 /* Preview Assets.xcassets in Resources */ = {isa = PBXBuildFile; fileRef = 8E931CF52AAE1CAC008DE243 /* Preview Assets.xcassets */; };
		8E931D0F2AAE1CB4008DE243 /* AppData.swift in Sources */ = {isa = PBXBuildFile; fileRef = 8E931CFE2AAE1CB4008DE243 /* AppData.swift */; };
		8E931D112AAE1CB4008DE243 /* HomeItemModel.swift in Sources */ = {isa = PBXBuildFile; fileRef = 8E931D002AAE1CB4008DE243 /* HomeItemModel.swift */; };
		8E931D122AAE1CB4008DE243 /* Extension+Array.swift in Sources */ = {isa = PBXBuildFile; fileRef = 8E931D022AAE1CB4008DE243 /* Extension+Array.swift */; };
		8E931D132AAE1CB4008DE243 /* Assets.xcassets in Resources */ = {isa = PBXBuildFile; fileRef = 8E931D032AAE1CB4008DE243 /* Assets.xcassets */; };
		8E931D142AAE1CB4008DE243 /* HomeView.swift in Sources */ = {isa = PBXBuildFile; fileRef = 8E931D042AAE1CB4008DE243 /* HomeView.swift */; };
		8E931D152AAE1CB4008DE243 /* CodeImageView.swift in Sources */ = {isa = PBXBuildFile; fileRef = 8E931D052AAE1CB4008DE243 /* CodeImageView.swift */; };
		8E931D162AAE1CB4008DE243 /* Preview Assets.xcassets in Resources */ = {isa = PBXBuildFile; fileRef = 8E931D072AAE1CB4008DE243 /* Preview Assets.xcassets */; };
		8E931D172AAE1CB4008DE243 /* HomeViewState.swift in Sources */ = {isa = PBXBuildFile; fileRef = 8E931D082AAE1CB4008DE243 /* HomeViewState.swift */; };
		8E931D182AAE1CB4008DE243 /* Extension+View+Modifier.swift in Sources */ = {isa = PBXBuildFile; fileRef = 8E931D092AAE1CB4008DE243 /* Extension+View+Modifier.swift */; };
		8E931D192AAE1CB4008DE243 /* Translate.swift in Sources */ = {isa = PBXBuildFile; fileRef = 8E931D0A2AAE1CB4008DE243 /* Translate.swift */; };
		8E931D1A2AAE1CB4008DE243 /* Extension+Color.swift in Sources */ = {isa = PBXBuildFile; fileRef = 8E931D0B2AAE1CB4008DE243 /* Extension+Color.swift */; };
		8E931D1C2AAE1CB4008DE243 /* ContentView.swift in Sources */ = {isa = PBXBuildFile; fileRef = 8E931D0D2AAE1CB4008DE243 /* ContentView.swift */; };
		8E931D1D2AAE1CB4008DE243 /* JsonFormatView.swift in Sources */ = {isa = PBXBuildFile; fileRef = 8E931D0E2AAE1CB4008DE243 /* JsonFormatView.swift */; };
		8E94646E2AB0BDBB007F2CF8 /* Info.plist in Resources */ = {isa = PBXBuildFile; fileRef = 8E94646D2AB0BDBB007F2CF8 /* Info.plist */; };
/* End PBXBuildFile section */

/* Begin PBXFileReference section */
		8E8F0C742AB09BEE006EBE1B /* ColorPickerView.swift */ = {isa = PBXFileReference; lastKnownFileType = sourcecode.swift; path = ColorPickerView.swift; sourceTree = "<group>"; };
		8E8F0C772AB0A519006EBE1B /* AppDelegate.swift */ = {isa = PBXFileReference; lastKnownFileType = sourcecode.swift; path = AppDelegate.swift; sourceTree = "<group>"; };
		8E8FD1B42AAF69F0004E8EC7 /* TestView.swift */ = {isa = PBXFileReference; lastKnownFileType = sourcecode.swift; path = TestView.swift; sourceTree = "<group>"; };
		8E931CEB2AAE1CAB008DE243 /* Automation.app */ = {isa = PBXFileReference; explicitFileType = wrapper.application; includeInIndex = 0; path = Automation.app; sourceTree = BUILT_PRODUCTS_DIR; };
		8E931CEE2AAE1CAB008DE243 /* AutomationApp.swift */ = {isa = PBXFileReference; lastKnownFileType = sourcecode.swift; path = AutomationApp.swift; sourceTree = "<group>"; };
		8E931CF22AAE1CAC008DE243 /* Assets.xcassets */ = {isa = PBXFileReference; lastKnownFileType = folder.assetcatalog; path = Assets.xcassets; sourceTree = "<group>"; };
		8E931CF52AAE1CAC008DE243 /* Preview Assets.xcassets */ = {isa = PBXFileReference; lastKnownFileType = folder.assetcatalog; path = "Preview Assets.xcassets"; sourceTree = "<group>"; };
		8E931CF72AAE1CAC008DE243 /* Automation.entitlements */ = {isa = PBXFileReference; lastKnownFileType = text.plist.entitlements; path = Automation.entitlements; sourceTree = "<group>"; };
		8E931CFE2AAE1CB4008DE243 /* AppData.swift */ = {isa = PBXFileReference; fileEncoding = 4; lastKnownFileType = sourcecode.swift; path = AppData.swift; sourceTree = "<group>"; };
		8E931D002AAE1CB4008DE243 /* HomeItemModel.swift */ = {isa = PBXFileReference; fileEncoding = 4; lastKnownFileType = sourcecode.swift; path = HomeItemModel.swift; sourceTree = "<group>"; };
		8E931D012AAE1CB4008DE243 /* Sang_s_App.entitlements */ = {isa = PBXFileReference; fileEncoding = 4; lastKnownFileType = text.plist.entitlements; path = Sang_s_App.entitlements; sourceTree = "<group>"; };
		8E931D022AAE1CB4008DE243 /* Extension+Array.swift */ = {isa = PBXFileReference; fileEncoding = 4; lastKnownFileType = sourcecode.swift; path = "Extension+Array.swift"; sourceTree = "<group>"; };
		8E931D032AAE1CB4008DE243 /* Assets.xcassets */ = {isa = PBXFileReference; lastKnownFileType = folder.assetcatalog; path = Assets.xcassets; sourceTree = "<group>"; };
		8E931D042AAE1CB4008DE243 /* HomeView.swift */ = {isa = PBXFileReference; fileEncoding = 4; lastKnownFileType = sourcecode.swift; path = HomeView.swift; sourceTree = "<group>"; };
		8E931D052AAE1CB4008DE243 /* CodeImageView.swift */ = {isa = PBXFileReference; fileEncoding = 4; lastKnownFileType = sourcecode.swift; path = CodeImageView.swift; sourceTree = "<group>"; };
		8E931D072AAE1CB4008DE243 /* Preview Assets.xcassets */ = {isa = PBXFileReference; lastKnownFileType = folder.assetcatalog; path = "Preview Assets.xcassets"; sourceTree = "<group>"; };
		8E931D082AAE1CB4008DE243 /* HomeViewState.swift */ = {isa = PBXFileReference; fileEncoding = 4; lastKnownFileType = sourcecode.swift; path = HomeViewState.swift; sourceTree = "<group>"; };
		8E931D092AAE1CB4008DE243 /* Extension+View+Modifier.swift */ = {isa = PBXFileReference; fileEncoding = 4; lastKnownFileType = sourcecode.swift; path = "Extension+View+Modifier.swift"; sourceTree = "<group>"; };
		8E931D0A2AAE1CB4008DE243 /* Translate.swift */ = {isa = PBXFileReference; fileEncoding = 4; lastKnownFileType = sourcecode.swift; path = Translate.swift; sourceTree = "<group>"; };
		8E931D0B2AAE1CB4008DE243 /* Extension+Color.swift */ = {isa = PBXFileReference; fileEncoding = 4; lastKnownFileType = sourcecode.swift; path = "Extension+Color.swift"; sourceTree = "<group>"; };
		8E931D0D2AAE1CB4008DE243 /* ContentView.swift */ = {isa = PBXFileReference; fileEncoding = 4; lastKnownFileType = sourcecode.swift; path = ContentView.swift; sourceTree = "<group>"; };
		8E931D0E2AAE1CB4008DE243 /* JsonFormatView.swift */ = {isa = PBXFileReference; fileEncoding = 4; lastKnownFileType = sourcecode.swift; path = JsonFormatView.swift; sourceTree = "<group>"; };
		8E94646D2AB0BDBB007F2CF8 /* Info.plist */ = {isa = PBXFileReference; fileEncoding = 4; lastKnownFileType = text.plist.xml; path = Info.plist; sourceTree = "<group>"; };
/* End PBXFileReference section */

/* Begin PBXFrameworksBuildPhase section */
		8E931CE82AAE1CAB008DE243 /* Frameworks */ = {
			isa = PBXFrameworksBuildPhase;
			buildActionMask = 2147483647;
			files = (
				8E8F0C802AB0A7F6006EBE1B /* HotKey in Frameworks */,
			);
			runOnlyForDeploymentPostprocessing = 0;
		};
/* End PBXFrameworksBuildPhase section */

/* Begin PBXGroup section */
		8E8F0C732AB09BCF006EBE1B /* Views */ = {
			isa = PBXGroup;
			children = (
				8E931D052AAE1CB4008DE243 /* CodeImageView.swift */,
				8E931D0A2AAE1CB4008DE243 /* Translate.swift */,
				8E931D0E2AAE1CB4008DE243 /* JsonFormatView.swift */,
				8E8F0C742AB09BEE006EBE1B /* ColorPickerView.swift */,
			);
			path = Views;
			sourceTree = "<group>";
		};
		8E8F0C762AB0A50C006EBE1B /* AppDelegate */ = {
			isa = PBXGroup;
			children = (
				8E931D0D2AAE1CB4008DE243 /* ContentView.swift */,
				8E931CEE2AAE1CAB008DE243 /* AutomationApp.swift */,
				8E8F0C772AB0A519006EBE1B /* AppDelegate.swift */,
			);
			path = AppDelegate;
			sourceTree = "<group>";
		};
		8E8F0C792AB0A75A006EBE1B /* Extension */ = {
			isa = PBXGroup;
			children = (
				8E931D022AAE1CB4008DE243 /* Extension+Array.swift */,
				8E931D092AAE1CB4008DE243 /* Extension+View+Modifier.swift */,
				8E931D0B2AAE1CB4008DE243 /* Extension+Color.swift */,
			);
			path = Extension;
			sourceTree = "<group>";
		};
		8E8F0C7A2AB0A76C006EBE1B /* Home */ = {
			isa = PBXGroup;
			children = (
				8E931D002AAE1CB4008DE243 /* HomeItemModel.swift */,
				8E931D042AAE1CB4008DE243 /* HomeView.swift */,
				8E931D082AAE1CB4008DE243 /* HomeViewState.swift */,
			);
			path = Home;
			sourceTree = "<group>";
		};
		8E8F0C7B2AB0A78D006EBE1B /* Resource */ = {
			isa = PBXGroup;
			children = (
			);
			path = Resource;
			sourceTree = "<group>";
		};
		8E8F0C7C2AB0A79C006EBE1B /* Classes */ = {
			isa = PBXGroup;
			children = (
				8E8F0C7A2AB0A76C006EBE1B /* Home */,
				8E8F0C732AB09BCF006EBE1B /* Views */,
			);
			path = Classes;
			sourceTree = "<group>";
		};
		8E8F0C7D2AB0A7A7006EBE1B /* Data */ = {
			isa = PBXGroup;
			children = (
				8E931CFE2AAE1CB4008DE243 /* AppData.swift */,
			);
			path = Data;
			sourceTree = "<group>";
		};
		8E931CE22AAE1CAB008DE243 = {
			isa = PBXGroup;
			children = (
				8E931CED2AAE1CAB008DE243 /* Automation */,
				8E931CEC2AAE1CAB008DE243 /* Products */,
			);
			sourceTree = "<group>";
		};
		8E931CEC2AAE1CAB008DE243 /* Products */ = {
			isa = PBXGroup;
			children = (
				8E931CEB2AAE1CAB008DE243 /* Automation.app */,
			);
			name = Products;
			sourceTree = "<group>";
		};
		8E931CED2AAE1CAB008DE243 /* Automation */ = {
			isa = PBXGroup;
			children = (
				8E94646D2AB0BDBB007F2CF8 /* Info.plist */,
				8E8F0C7B2AB0A78D006EBE1B /* Resource */,
				8E8F0C792AB0A75A006EBE1B /* Extension */,
				8E8F0C762AB0A50C006EBE1B /* AppDelegate */,
				8E931CFD2AAE1CB4008DE243 /* App */,
				8E931CF22AAE1CAC008DE243 /* Assets.xcassets */,
				8E931CF72AAE1CAC008DE243 /* Automation.entitlements */,
				8E931CF42AAE1CAC008DE243 /* Preview Content */,
			);
			path = Automation;
			sourceTree = "<group>";
		};
		8E931CF42AAE1CAC008DE243 /* Preview Content */ = {
			isa = PBXGroup;
			children = (
				8E931CF52AAE1CAC008DE243 /* Preview Assets.xcassets */,
			);
			path = "Preview Content";
			sourceTree = "<group>";
		};
		8E931CFD2AAE1CB4008DE243 /* App */ = {
			isa = PBXGroup;
			children = (
				8E8F0C7D2AB0A7A7006EBE1B /* Data */,
				8E8F0C7C2AB0A79C006EBE1B /* Classes */,
				8E931D012AAE1CB4008DE243 /* Sang_s_App.entitlements */,
				8E931D032AAE1CB4008DE243 /* Assets.xcassets */,
				8E931D062AAE1CB4008DE243 /* Preview Content */,
				8E8FD1B42AAF69F0004E8EC7 /* TestView.swift */,
			);
			path = App;
			sourceTree = "<group>";
		};
		8E931D062AAE1CB4008DE243 /* Preview Content */ = {
			isa = PBXGroup;
			children = (
				8E931D072AAE1CB4008DE243 /* Preview Assets.xcassets */,
			);
			path = "Preview Content";
			sourceTree = "<group>";
		};
/* End PBXGroup section */

/* Begin PBXNativeTarget section */
		8E931CEA2AAE1CAB008DE243 /* Automation */ = {
			isa = PBXNativeTarget;
			buildConfigurationList = 8E931CFA2AAE1CAC008DE243 /* Build configuration list for PBXNativeTarget "Automation" */;
			buildPhases = (
				8E931CE72AAE1CAB008DE243 /* Sources */,
				8E931CE82AAE1CAB008DE243 /* Frameworks */,
				8E931CE92AAE1CAB008DE243 /* Resources */,
			);
			buildRules = (
			);
			dependencies = (
			);
			name = Automation;
			packageProductDependencies = (
				8E8F0C7F2AB0A7F6006EBE1B /* HotKey */,
			);
			productName = Automation;
			productReference = 8E931CEB2AAE1CAB008DE243 /* Automation.app */;
			productType = "com.apple.product-type.application";
		};
/* End PBXNativeTarget section */

/* Begin PBXProject section */
		8E931CE32AAE1CAB008DE243 /* Project object */ = {
			isa = PBXProject;
			attributes = {
				BuildIndependentTargetsInParallel = 1;
				LastSwiftUpdateCheck = 1400;
				LastUpgradeCheck = 1400;
				TargetAttributes = {
					8E931CEA2AAE1CAB008DE243 = {
						CreatedOnToolsVersion = 14.0.1;
					};
				};
			};
			buildConfigurationList = 8E931CE62AAE1CAB008DE243 /* Build configuration list for PBXProject "Automation" */;
			compatibilityVersion = "Xcode 14.0";
			developmentRegion = en;
			hasScannedForEncodings = 0;
			knownRegions = (
				en,
				Base,
			);
			mainGroup = 8E931CE22AAE1CAB008DE243;
			packageReferences = (
				8E8F0C7E2AB0A7F6006EBE1B /* XCRemoteSwiftPackageReference "HotKey" */,
			);
			productRefGroup = 8E931CEC2AAE1CAB008DE243 /* Products */;
			projectDirPath = "";
			projectRoot = "";
			targets = (
				8E931CEA2AAE1CAB008DE243 /* Automation */,
			);
		};
/* End PBXProject section */

/* Begin PBXResourcesBuildPhase section */
		8E931CE92AAE1CAB008DE243 /* Resources */ = {
			isa = PBXResourcesBuildPhase;
			buildActionMask = 2147483647;
			files = (
				8E931D162AAE1CB4008DE243 /* Preview Assets.xcassets in Resources */,
				8E931CF62AAE1CAC008DE243 /* Preview Assets.xcassets in Resources */,
				8E931D132AAE1CB4008DE243 /* Assets.xcassets in Resources */,
				8E94646E2AB0BDBB007F2CF8 /* Info.plist in Resources */,
				8E931CF32AAE1CAC008DE243 /* Assets.xcassets in Resources */,
			);
			runOnlyForDeploymentPostprocessing = 0;
		};
/* End PBXResourcesBuildPhase section */

/* Begin PBXSourcesBuildPhase section */
		8E931CE72AAE1CAB008DE243 /* Sources */ = {
			isa = PBXSourcesBuildPhase;
			buildActionMask = 2147483647;
			files = (
				8E8FD1B52AAF69F0004E8EC7 /* TestView.swift in Sources */,
				8E931D142AAE1CB4008DE243 /* HomeView.swift in Sources */,
				8E931D1C2AAE1CB4008DE243 /* ContentView.swift in Sources */,
				8E931D122AAE1CB4008DE243 /* Extension+Array.swift in Sources */,
				8E931D1D2AAE1CB4008DE243 /* JsonFormatView.swift in Sources */,
				8E931D172AAE1CB4008DE243 /* HomeViewState.swift in Sources */,
				8E931D192AAE1CB4008DE243 /* Translate.swift in Sources */,
				8E8F0C782AB0A519006EBE1B /* AppDelegate.swift in Sources */,
				8E931CEF2AAE1CAB008DE243 /* AutomationApp.swift in Sources */,
				8E931D1A2AAE1CB4008DE243 /* Extension+Color.swift in Sources */,
				8E931D0F2AAE1CB4008DE243 /* AppData.swift in Sources */,
				8E931D112AAE1CB4008DE243 /* HomeItemModel.swift in Sources */,
				8E931D152AAE1CB4008DE243 /* CodeImageView.swift in Sources */,
				8E931D182AAE1CB4008DE243 /* Extension+View+Modifier.swift in Sources */,
				8E8F0C752AB09BEE006EBE1B /* ColorPickerView.swift in Sources */,
			);
			runOnlyForDeploymentPostprocessing = 0;
		};
/* End PBXSourcesBuildPhase section */

/* Begin XCBuildConfiguration section */
		8E931CF82AAE1CAC008DE243 /* Debug */ = {
			isa = XCBuildConfiguration;
			buildSettings = {
				ALWAYS_SEARCH_USER_PATHS = NO;
				CLANG_ANALYZER_NONNULL = YES;
				CLANG_ANALYZER_NUMBER_OBJECT_CONVERSION = YES_AGGRESSIVE;
				CLANG_CXX_LANGUAGE_STANDARD = "gnu++20";
				CLANG_ENABLE_MODULES = YES;
				CLANG_ENABLE_OBJC_ARC = YES;
				CLANG_ENABLE_OBJC_WEAK = YES;
				CLANG_WARN_BLOCK_CAPTURE_AUTORELEASING = YES;
				CLANG_WARN_BOOL_CONVERSION = YES;
				CLANG_WARN_COMMA = YES;
				CLANG_WARN_CONSTANT_CONVERSION = YES;
				CLANG_WARN_DEPRECATED_OBJC_IMPLEMENTATIONS = YES;
				CLANG_WARN_DIRECT_OBJC_ISA_USAGE = YES_ERROR;
				CLANG_WARN_DOCUMENTATION_COMMENTS = YES;
				CLANG_WARN_EMPTY_BODY = YES;
				CLANG_WARN_ENUM_CONVERSION = YES;
				CLANG_WARN_INFINITE_RECURSION = YES;
				CLANG_WARN_INT_CONVERSION = YES;
				CLANG_WARN_NON_LITERAL_NULL_CONVERSION = YES;
				CLANG_WARN_OBJC_IMPLICIT_RETAIN_SELF = YES;
				CLANG_WARN_OBJC_LITERAL_CONVERSION = YES;
				CLANG_WARN_OBJC_ROOT_CLASS = YES_ERROR;
				CLANG_WARN_QUOTED_INCLUDE_IN_FRAMEWORK_HEADER = YES;
				CLANG_WARN_RANGE_LOOP_ANALYSIS = YES;
				CLANG_WARN_STRICT_PROTOTYPES = YES;
				CLANG_WARN_SUSPICIOUS_MOVE = YES;
				CLANG_WARN_UNGUARDED_AVAILABILITY = YES_AGGRESSIVE;
				CLANG_WARN_UNREACHABLE_CODE = YES;
				CLANG_WARN__DUPLICATE_METHOD_MATCH = YES;
				COPY_PHASE_STRIP = NO;
				DEBUG_INFORMATION_FORMAT = dwarf;
				ENABLE_STRICT_OBJC_MSGSEND = YES;
				ENABLE_TESTABILITY = YES;
				GCC_C_LANGUAGE_STANDARD = gnu11;
				GCC_DYNAMIC_NO_PIC = NO;
				GCC_NO_COMMON_BLOCKS = YES;
				GCC_OPTIMIZATION_LEVEL = 0;
				GCC_PREPROCESSOR_DEFINITIONS = (
					"DEBUG=1",
					"$(inherited)",
				);
				GCC_WARN_64_TO_32_BIT_CONVERSION = YES;
				GCC_WARN_ABOUT_RETURN_TYPE = YES_ERROR;
				GCC_WARN_UNDECLARED_SELECTOR = YES;
				GCC_WARN_UNINITIALIZED_AUTOS = YES_AGGRESSIVE;
				GCC_WARN_UNUSED_FUNCTION = YES;
				GCC_WARN_UNUSED_VARIABLE = YES;
				MACOSX_DEPLOYMENT_TARGET = 12.3;
				MTL_ENABLE_DEBUG_INFO = INCLUDE_SOURCE;
				MTL_FAST_MATH = YES;
				ONLY_ACTIVE_ARCH = YES;
				SDKROOT = macosx;
				SWIFT_ACTIVE_COMPILATION_CONDITIONS = DEBUG;
				SWIFT_OPTIMIZATION_LEVEL = "-Onone";
			};
			name = Debug;
		};
		8E931CF92AAE1CAC008DE243 /* Release */ = {
			isa = XCBuildConfiguration;
			buildSettings = {
				ALWAYS_SEARCH_USER_PATHS = NO;
				CLANG_ANALYZER_NONNULL = YES;
				CLANG_ANALYZER_NUMBER_OBJECT_CONVERSION = YES_AGGRESSIVE;
				CLANG_CXX_LANGUAGE_STANDARD = "gnu++20";
				CLANG_ENABLE_MODULES = YES;
				CLANG_ENABLE_OBJC_ARC = YES;
				CLANG_ENABLE_OBJC_WEAK = YES;
				CLANG_WARN_BLOCK_CAPTURE_AUTORELEASING = YES;
				CLANG_WARN_BOOL_CONVERSION = YES;
				CLANG_WARN_COMMA = YES;
				CLANG_WARN_CONSTANT_CONVERSION = YES;
				CLANG_WARN_DEPRECATED_OBJC_IMPLEMENTATIONS = YES;
				CLANG_WARN_DIRECT_OBJC_ISA_USAGE = YES_ERROR;
				CLANG_WARN_DOCUMENTATION_COMMENTS = YES;
				CLANG_WARN_EMPTY_BODY = YES;
				CLANG_WARN_ENUM_CONVERSION = YES;
				CLANG_WARN_INFINITE_RECURSION = YES;
				CLANG_WARN_INT_CONVERSION = YES;
				CLANG_WARN_NON_LITERAL_NULL_CONVERSION = YES;
				CLANG_WARN_OBJC_IMPLICIT_RETAIN_SELF = YES;
				CLANG_WARN_OBJC_LITERAL_CONVERSION = YES;
				CLANG_WARN_OBJC_ROOT_CLASS = YES_ERROR;
				CLANG_WARN_QUOTED_INCLUDE_IN_FRAMEWORK_HEADER = YES;
				CLANG_WARN_RANGE_LOOP_ANALYSIS = YES;
				CLANG_WARN_STRICT_PROTOTYPES = YES;
				CLANG_WARN_SUSPICIOUS_MOVE = YES;
				CLANG_WARN_UNGUARDED_AVAILABILITY = YES_AGGRESSIVE;
				CLANG_WARN_UNREACHABLE_CODE = YES;
				CLANG_WARN__DUPLICATE_METHOD_MATCH = YES;
				COPY_PHASE_STRIP = NO;
				DEBUG_INFORMATION_FORMAT = "dwarf-with-dsym";
				ENABLE_NS_ASSERTIONS = NO;
				ENABLE_STRICT_OBJC_MSGSEND = YES;
				GCC_C_LANGUAGE_STANDARD = gnu11;
				GCC_NO_COMMON_BLOCKS = YES;
				GCC_WARN_64_TO_32_BIT_CONVERSION = YES;
				GCC_WARN_ABOUT_RETURN_TYPE = YES_ERROR;
				GCC_WARN_UNDECLARED_SELECTOR = YES;
				GCC_WARN_UNINITIALIZED_AUTOS = YES_AGGRESSIVE;
				GCC_WARN_UNUSED_FUNCTION = YES;
				GCC_WARN_UNUSED_VARIABLE = YES;
				MACOSX_DEPLOYMENT_TARGET = 12.3;
				MTL_ENABLE_DEBUG_INFO = NO;
				MTL_FAST_MATH = YES;
				SDKROOT = macosx;
				SWIFT_COMPILATION_MODE = wholemodule;
				SWIFT_OPTIMIZATION_LEVEL = "-O";
			};
			name = Release;
		};
		8E931CFB2AAE1CAC008DE243 /* Debug */ = {
			isa = XCBuildConfiguration;
			buildSettings = {
				ASSETCATALOG_COMPILER_APPICON_NAME = AppIcon;
				ASSETCATALOG_COMPILER_GLOBAL_ACCENT_COLOR_NAME = AccentColor;
				CODE_SIGN_ENTITLEMENTS = Automation/Automation.entitlements;
				CODE_SIGN_STYLE = Automatic;
				COMBINE_HIDPI_IMAGES = YES;
				CURRENT_PROJECT_VERSION = 1;
				DEVELOPMENT_ASSET_PATHS = "\"Automation/Preview Content\"";
				ENABLE_PREVIEWS = YES;
				GENERATE_INFOPLIST_FILE = YES;
				INFOPLIST_KEY_NSHumanReadableCopyright = "";
				LD_RUNPATH_SEARCH_PATHS = (
					"$(inherited)",
					"@executable_path/../Frameworks",
				);
				MARKETING_VERSION = 1.0;
				PRODUCT_BUNDLE_IDENTIFIER = aaaaa2.Automation;
				PRODUCT_NAME = "$(TARGET_NAME)";
				SWIFT_EMIT_LOC_STRINGS = YES;
				SWIFT_VERSION = 5.0;
			};
			name = Debug;
		};
		8E931CFC2AAE1CAC008DE243 /* Release */ = {
			isa = XCBuildConfiguration;
			buildSettings = {
				ASSETCATALOG_COMPILER_APPICON_NAME = AppIcon;
				ASSETCATALOG_COMPILER_GLOBAL_ACCENT_COLOR_NAME = AccentColor;
				CODE_SIGN_ENTITLEMENTS = Automation/Automation.entitlements;
				CODE_SIGN_STYLE = Automatic;
				COMBINE_HIDPI_IMAGES = YES;
				CURRENT_PROJECT_VERSION = 1;
				DEVELOPMENT_ASSET_PATHS = "\"Automation/Preview Content\"";
				ENABLE_PREVIEWS = YES;
				GENERATE_INFOPLIST_FILE = YES;
				INFOPLIST_KEY_NSHumanReadableCopyright = "";
				LD_RUNPATH_SEARCH_PATHS = (
					"$(inherited)",
					"@executable_path/../Frameworks",
				);
				MARKETING_VERSION = 1.0;
				PRODUCT_BUNDLE_IDENTIFIER = aaaaa2.Automation;
				PRODUCT_NAME = "$(TARGET_NAME)";
				SWIFT_EMIT_LOC_STRINGS = YES;
				SWIFT_VERSION = 5.0;
			};
			name = Release;
		};
/* End XCBuildConfiguration section */

/* Begin XCConfigurationList section */
		8E931CE62AAE1CAB008DE243 /* Build configuration list for PBXProject "Automation" */ = {
			isa = XCConfigurationList;
			buildConfigurations = (
				8E931CF82AAE1CAC008DE243 /* Debug */,
				8E931CF92AAE1CAC008DE243 /* Release */,
			);
			defaultConfigurationIsVisible = 0;
			defaultConfigurationName = Release;
		};
		8E931CFA2AAE1CAC008DE243 /* Build configuration list for PBXNativeTarget "Automation" */ = {
			isa = XCConfigurationList;
			buildConfigurations = (
				8E931CFB2AAE1CAC008DE243 /* Debug */,
				8E931CFC2AAE1CAC008DE243 /* Release */,
			);
			defaultConfigurationIsVisible = 0;
			defaultConfigurationName = Release;
		};
/* End XCConfigurationList section */

/* Begin XCRemoteSwiftPackageReference section */
		8E8F0C7E2AB0A7F6006EBE1B /* XCRemoteSwiftPackageReference "HotKey" */ = {
			isa = XCRemoteSwiftPackageReference;
			repositoryURL = "https://github.com/soffes/HotKey.git";
			requirement = {
				branch = main;
				kind = branch;
			};
		};
/* End XCRemoteSwiftPackageReference section */

/* Begin XCSwiftPackageProductDependency section */
		8E8F0C7F2AB0A7F6006EBE1B /* HotKey */ = {
			isa = XCSwiftPackageProductDependency;
			package = 8E8F0C7E2AB0A7F6006EBE1B /* XCRemoteSwiftPackageReference "HotKey" */;
			productName = HotKey;
		};
/* End XCSwiftPackageProductDependency section */
	};
	rootObject = 8E931CE32AAE1CAB008DE243 /* Project object */;
}
